<?xml version="1.0" encoding="utf-8"?>
<Project ToolsVersion="4.0" xmlns="http://schemas.microsoft.com/developer/msbuild/2003">
  <ItemGroup>
    <Filter Include="Source Files">
      <UniqueIdentifier>{4FC737F1-C7A5-4376-A066-2A32D752A2FF}</UniqueIdentifier>
      <Extensions>cpp;c;cc;cxx;c++;cppm;ixx;def;odl;idl;hpj;bat;asm;asmx</Extensions>
    </Filter>
    <Filter Include="Header Files">
      <UniqueIdentifier>{93995380-89BD-4b04-88EB-625FBE52EBFB}</UniqueIdentifier>
      <Extensions>h;hh;hpp;hxx;h++;hm;inl;inc;ipp;xsd</Extensions>
    </Filter>
    <Filter Include="Resource Files">
      <UniqueIdentifier>{67DA6AB6-F800-4c08-8B7A-83BB121AAD01}</UniqueIdentifier>
      <Extensions>rc;ico;cur;bmp;dlg;rc2;rct;bin;rgs;gif;jpg;jpeg;jpe;resx;tiff;tif;png;wav;mfcribbon-ms</Extensions>
    </Filter>
    <Filter Include="Source Files\Utilitties">
      <UniqueIdentifier>{bddb132b-69d1-4add-acff-022d010919be}</UniqueIdentifier>
    </Filter>
    <Filter Include="Source Files\Server">
      <UniqueIdentifier>{93d150ed-26d0-47cf-b9dd-4d42db409628}</UniqueIdentifier>
    </Filter>
    <Filter Include="Source Files\Client">
      <UniqueIdentifier>{5863b9cd-3170-4edf-b81e-5b36f9aa324f}</UniqueIdentifier>
    </Filter>
  </ItemGroup>
  <ItemGroup>
    <ClCompile Include="source\main.c">
      <Filter>Source Files</Filter>
    </ClCompile>
    <ClCompile Include="source\Utilities\wsa_init.c">
      <Filter>Source Files\Utilitties</Filter>
    </ClCompile>
    <ClCompile Include="source\Server\server.c">
      <Filter>Source Files\Server</Filter>
    </ClCompile>
    <ClCompile Include="source\Client\client.c">
      <Filter>Source Files\Client</Filter>
    </ClCompile>
    <ClCompile Include="source\Utilities\poll_sockets.c">
      <Filter>Source Files\Utilitties</Filter>
    </ClCompile>
    <ClCompile Include="source\Utilities\packet_serialization.c">
      <Filter>Source Files\Utilitties</Filter>
    </ClCompile>
    <ClCompile Include="source\Utilities\common_networking.c">
      <Filter>Source Files\Utilitties</Filter>
    </ClCompile>
  </ItemGroup>
  <ItemGroup>
    <ClInclude Include="source\Utilities\wsa_init.h">
      <Filter>Source Files\Utilitties</Filter>
    </ClInclude>
    <ClInclude Include="source\Server\server.h">
      <Filter>Source Files\Server</Filter>
    </ClInclude>
    <ClInclude Include="source\Client\client.h">
      <Filter>Source Files\Client</Filter>
    </ClInclude>
    <ClInclude Include="source\Utilities\poll_sockets.h">
      <Filter>Source Files\Utilitties</Filter>
    </ClInclude>
    <ClInclude Include="source\Utilities\packet_serialization.h">
      <Filter>Source Files\Utilitties</Filter>
    </ClInclude>
    <ClInclude Include="source\Utilities\common_networking.h">
      <Filter>Source Files\Utilitties</Filter>
    </ClInclude>
  </ItemGroup>
</Project>